
Microsoft Visual Studio Solution File, Format Version 12.00
# Visual Studio 15
VisualStudioVersion = 15.0.27004.2009
MinimumVisualStudioVersion = 10.0.40219.1
Project("{8BC9CEB8-8B4A-11D0-8D11-00A0C91BC942}") = "LinkedList", "LinkedList\LinkedList.vcxproj", "{BDAFDB96-8D23-4FCA-9655-0B63AD4C6FB2}"
EndProject
Project("{8BC9CEB8-8B4A-11D0-8D11-00A0C91BC942}") = "BubbleSort", "BubbleSort\BubbleSort.vcxproj", "{88447077-47BA-4EAE-B8B0-5E1E6235FC3C}"
EndProject
Project("{8BC9CEB8-8B4A-11D0-8D11-00A0C91BC942}") = "SelectionSort", "SelectionSort\SelectionSort.vcxproj", "{F27409E9-725E-41F2-8B67-1B52513CF962}"
EndProject
Project("{8BC9CEB8-8B4A-11D0-8D11-00A0C91BC942}") = "InsertionSort", "InsertionSort\InsertionSort.vcxproj", "{86A6B551-2385-4A30-8299-69A2677598A3}"
EndProject
Project("{8BC9CEB8-8B4A-11D0-8D11-00A0C91BC942}") = "RingList", "RingList\RingList.vcxproj", "{71E7EB04-F400-44ED-B4AF-373967BCAE3B}"
EndProject
Project("{8BC9CEB8-8B4A-11D0-8D11-00A0C91BC942}") = "RingBuffer", "RingBuffer\RingBuffer.vcxproj", "{0009F631-72DE-4727-8EF6-8D535FCC46E9}"
EndProject
Global
	GlobalSection(SolutionConfigurationPlatforms) = preSolution
		Debug|x64 = Debug|x64
		Debug|x86 = Debug|x86
		Release|x64 = Release|x64
		Release|x86 = Release|x86
	EndGlobalSection
	GlobalSection(ProjectConfigurationPlatforms) = postSolution
		{BDAFDB96-8D23-4FCA-9655-0B63AD4C6FB2}.Debug|x64.ActiveCfg = Debug|x64
		{BDAFDB96-8D23-4FCA-9655-0B63AD4C6FB2}.Debug|x64.Build.0 = Debug|x64
		{BDAFDB96-8D23-4FCA-9655-0B63AD4C6FB2}.Debug|x86.ActiveCfg = Debug|Win32
		{BDAFDB96-8D23-4FCA-9655-0B63AD4C6FB2}.Debug|x86.Build.0 = Debug|Win32
		{BDAFDB96-8D23-4FCA-9655-0B63AD4C6FB2}.Release|x64.ActiveCfg = Release|x64
		{BDAFDB96-8D23-4FCA-9655-0B63AD4C6FB2}.Release|x64.Build.0 = Release|x64
		{BDAFDB96-8D23-4FCA-9655-0B63AD4C6FB2}.Release|x86.ActiveCfg = Release|Win32
		{BDAFDB96-8D23-4FCA-9655-0B63AD4C6FB2}.Release|x86.Build.0 = Release|Win32
		{88447077-47BA-4EAE-B8B0-5E1E6235FC3C}.Debug|x64.ActiveCfg = Debug|x64
		{88447077-47BA-4EAE-B8B0-5E1E6235FC3C}.Debug|x64.Build.0 = Debug|x64
		{88447077-47BA-4EAE-B8B0-5E1E6235FC3C}.Debug|x86.ActiveCfg = Debug|Win32
		{88447077-47BA-4EAE-B8B0-5E1E6235FC3C}.Debug|x86.Build.0 = Debug|Win32
		{88447077-47BA-4EAE-B8B0-5E1E6235FC3C}.Release|x64.ActiveCfg = Release|x64
		{88447077-47BA-4EAE-B8B0-5E1E6235FC3C}.Release|x64.Build.0 = Release|x64
		{88447077-47BA-4EAE-B8B0-5E1E6235FC3C}.Release|x86.ActiveCfg = Release|Win32
		{88447077-47BA-4EAE-B8B0-5E1E6235FC3C}.Release|x86.Build.0 = Release|Win32
		{F27409E9-725E-41F2-8B67-1B52513CF962}.Debug|x64.ActiveCfg = Debug|x64
		{F27409E9-725E-41F2-8B67-1B52513CF962}.Debug|x64.Build.0 = Debug|x64
		{F27409E9-725E-41F2-8B67-1B52513CF962}.Debug|x86.ActiveCfg = Debug|Win32
		{F27409E9-725E-41F2-8B67-1B52513CF962}.Debug|x86.Build.0 = Debug|Win32
		{F27409E9-725E-41F2-8B67-1B52513CF962}.Release|x64.ActiveCfg = Release|x64
		{F27409E9-725E-41F2-8B67-1B52513CF962}.Release|x64.Build.0 = Release|x64
		{F27409E9-725E-41F2-8B67-1B52513CF962}.Release|x86.ActiveCfg = Release|Win32
		{F27409E9-725E-41F2-8B67-1B52513CF962}.Release|x86.Build.0 = Release|Win32
		{86A6B551-2385-4A30-8299-69A2677598A3}.Debug|x64.ActiveCfg = Debug|x64
		{86A6B551-2385-4A30-8299-69A2677598A3}.Debug|x64.Build.0 = Debug|x64
		{86A6B551-2385-4A30-8299-69A2677598A3}.Debug|x86.ActiveCfg = Debug|Win32
		{86A6B551-2385-4A30-8299-69A2677598A3}.Debug|x86.Build.0 = Debug|Win32
		{86A6B551-2385-4A30-8299-69A2677598A3}.Release|x64.ActiveCfg = Release|x64
		{86A6B551-2385-4A30-8299-69A2677598A3}.Release|x64.Build.0 = Release|x64
		{86A6B551-2385-4A30-8299-69A2677598A3}.Release|x86.ActiveCfg = Release|Win32
		{86A6B551-2385-4A30-8299-69A2677598A3}.Release|x86.Build.0 = Release|Win32
		{71E7EB04-F400-44ED-B4AF-373967BCAE3B}.Debug|x64.ActiveCfg = Debug|x64
		{71E7EB04-F400-44ED-B4AF-373967BCAE3B}.Debug|x64.Build.0 = Debug|x64
		{71E7EB04-F400-44ED-B4AF-373967BCAE3B}.Debug|x86.ActiveCfg = Debug|Win32
		{71E7EB04-F400-44ED-B4AF-373967BCAE3B}.Debug|x86.Build.0 = Debug|Win32
		{71E7EB04-F400-44ED-B4AF-373967BCAE3B}.Release|x64.ActiveCfg = Release|x64
		{71E7EB04-F400-44ED-B4AF-373967BCAE3B}.Release|x64.Build.0 = Release|x64
		{71E7EB04-F400-44ED-B4AF-373967BCAE3B}.Release|x86.ActiveCfg = Release|Win32
		{71E7EB04-F400-44ED-B4AF-373967BCAE3B}.Release|x86.Build.0 = Release|Win32
		{0009F631-72DE-4727-8EF6-8D535FCC46E9}.Debug|x64.ActiveCfg = Debug|x64
		{0009F631-72DE-4727-8EF6-8D535FCC46E9}.Debug|x64.Build.0 = Debug|x64
		{0009F631-72DE-4727-8EF6-8D535FCC46E9}.Debug|x86.ActiveCfg = Debug|Win32
		{0009F631-72DE-4727-8EF6-8D535FCC46E9}.Debug|x86.Build.0 = Debug|Win32
		{0009F631-72DE-4727-8EF6-8D535FCC46E9}.Release|x64.ActiveCfg = Release|x64
		{0009F631-72DE-4727-8EF6-8D535FCC46E9}.Release|x64.Build.0 = Release|x64
		{0009F631-72DE-4727-8EF6-8D535FCC46E9}.Release|x86.ActiveCfg = Release|Win32
		{0009F631-72DE-4727-8EF6-8D535FCC46E9}.Release|x86.Build.0 = Release|Win32
	EndGlobalSection
	GlobalSection(SolutionProperties) = preSolution
		HideSolutionNode = FALSE
	EndGlobalSection
	GlobalSection(ExtensibilityGlobals) = postSolution
		SolutionGuid = {2AFCF95E-88DC-476B-A1B3-0022950ADFCD}
	EndGlobalSection
EndGlobal
